hash: 8bdd570868f4da6bed9cf7ad884d595dd9b0c645314cc18a70866b0baa8df4bc
updated: 2017-08-04T18:07:37.325722446+03:00
imports:
- name: github.com/bradfitz/gomemcache
  version: 1952afaa557dc08e8e0d89eafab110fb501c1a2b
  subpackages:
  - memcache
- name: github.com/gin-contrib/sse
  version: 22d885f9ecc78bf4ee5d72b937e4bbcdc58e8cae
- name: github.com/gin-gonic/gin
  version: d459835d2b077e44f7c9b453505ee29881d5d12d
  subpackages:
  - binding
  - render
- name: github.com/go-errors/errors
  version: 8fa88b06e5974e97fbf9899a7f86a344bfd1f105
- name: github.com/go-redis/redis
  version: 89515eebd1b5761486abd32d9e84a8f55dda7740
  subpackages:
  - internal
  - internal/consistenthash
  - internal/hashtag
  - internal/pool
  - internal/proto
- name: github.com/golang/protobuf
  version: 2402d76f3d41f928c7902a765dfc872356dd3aad
  subpackages:
  - proto
- name: github.com/iqoption/ginmm
  version: 3171ca768d2c94661ca6aecd6186b782a7725acc
- name: github.com/mattn/go-isatty
  version: fc9e8d8ef48496124e79ae0df75490096eccf6fe
- name: github.com/pkg/errors
  version: c605e284fe17294bda444b34710735b29d1a9d90
- name: github.com/satori/go.uuid
  version: 879c5887cd475cd7864858769793b2ceb0d44feb
- name: github.com/sirupsen/logrus
  version: a3f95b5c423586578a4e099b11a46c2479628cac
- name: github.com/streadway/amqp
  version: afe8eee29a74d213b1f3fb2586058157c397da60
- name: github.com/ugorji/go
  version: 5efa3251c7f7d05e5d9704a69a984ec9f1386a40
  subpackages:
  - codec
- name: golang.org/x/sys
  version: 9c9d83fe39ed3fd2d9249fcf6b755891fff54b03
  subpackages:
  - unix
- name: gopkg.in/go-playground/validator.v8
  version: c193cecd124b5cc722d7ee5538e945bdb3348435
- name: gopkg.in/olivere/elastic.v5
  version: edbef41beaacc2ee95e61af8faff04e67c01e268
  subpackages:
  - config
  - uritemplates
- name: gopkg.in/yaml.v2
  version: cd8b52f8269e0feb286dfeef29f8fe4d5b397e0b
testImports: []
